<?xml version="1.0" encoding="UTF-8"?>
<!DOCTYPE plist PUBLIC "-//Apple//DTD PLIST 1.0//EN" "http://www.apple.com/DTDs/PropertyList-1.0.dtd">
<plist version="1.0">
<dict>
	<key>hostname</key>
	<string>Amenas-MacBook-Air.local</string>
	<key>hostuuid</key>
	<string>1FE871CC-B4CC-5054-847F-F1A2F02E07B5</string>
	<key>pid</key>
	<integer>400</integer>
	<key>processname</key>
	<string>photolibraryd</string>
	<key>uid</key>
	<integer>501</integer>
</dict>
</plist>
